
Microsoft Visual Studio Solution File, Format Version 12.00
# Visual Studio Version 17
VisualStudioVersion = 17.8.34511.84
MinimumVisualStudioVersion = 10.0.40219.1
Project("{FAE04EC0-301F-11D3-BF4B-00C04F79EFBC}") = "HMSystem", "HMSystem\HMSystem.csproj", "{8A4C745D-58CE-4EB6-9094-B64EBFA2306D}"
EndProject
Global
	GlobalSection(SolutionConfigurationPlatforms) = preSolution
		Debug|Any CPU = Debug|Any CPU
		Release|Any CPU = Release|Any CPU
	EndGlobalSection
	GlobalSection(ProjectConfigurationPlatforms) = postSolution
		{8A4C745D-58CE-4EB6-9094-B64EBFA2306D}.Debug|Any CPU.ActiveCfg = Debug|Any CPU
		{8A4C745D-58CE-4EB6-9094-B64EBFA2306D}.Debug|Any CPU.Build.0 = Debug|Any CPU
		{8A4C745D-58CE-4EB6-9094-B64EBFA2306D}.Release|Any CPU.ActiveCfg = Release|Any CPU
		{8A4C745D-58CE-4EB6-9094-B64EBFA2306D}.Release|Any CPU.Build.0 = Release|Any CPU
	EndGlobalSection
	GlobalSection(SolutionProperties) = preSolution
		HideSolutionNode = FALSE
	EndGlobalSection
	GlobalSection(ExtensibilityGlobals) = postSolution
		SolutionGuid = {34DDB8F0-2BD5-4616-875E-30D4A3AF7079}
	EndGlobalSection
EndGlobal
